{
  "name": "optapp",
  "version": "1.0.0",
  "lockfileVersion": 1,
  "requires": true,
  "dependencies": {
    "stl-reader": {
      "version": "3.0.1",
      "resolved": "https://registry.npmjs.org/stl-reader/-/stl-reader-3.0.1.tgz",
      "integrity": "sha1-qO7oRg34MEqTCS5Lk2uMnlfSv5s="
    }
  }
}
