{
  "name": "optapp",
  "version": "1.0.0",
  "lockfileVersion": 1,
  "requires": true,
  "dependencies": {
    "node-stl": {
      "version": "0.7.0",
      "resolved": "https://registry.npmjs.org/node-stl/-/node-stl-0.7.0.tgz",
      "integrity": "sha512-dsc9dn21JxbRl/nATx9wJDePjvh9pm5ThD/CvzuR8Orne5xK3duvSqQPetcTl/pgtzKo2jC1eK2Y7Hn++6vHHw=="
    }
  }
}
